
Microsoft Visual Studio Solution File, Format Version 12.00
# Visual Studio Version 16
VisualStudioVersion = 16.0.31729.503
MinimumVisualStudioVersion = 10.0.40219.1
Project("{FAE04EC0-301F-11D3-BF4B-00C04F79EFBC}") = "QuanLyDuAn", "QuanLyDuAn\QuanLyDuAn.csproj", "{0185D4FE-85CE-47E5-A207-F01B66AA976D}"
EndProject
Project("{FAE04EC0-301F-11D3-BF4B-00C04F79EFBC}") = "BUS_DuAn", "BUS_DuAn\BUS_DuAn.csproj", "{CD62D31A-43D7-4986-A291-33B28CEE70F8}"
EndProject
Project("{FAE04EC0-301F-11D3-BF4B-00C04F79EFBC}") = "DTO_DuAn", "DTO_DuAn\DTO_DuAn.csproj", "{0694B555-5EB5-4EE7-B3DD-24584CD58AE0}"
EndProject
Project("{FAE04EC0-301F-11D3-BF4B-00C04F79EFBC}") = "DAL_DuAn", "DAL_DuAn\DAL_DuAn.csproj", "{639172A1-6B65-42F1-85F5-5A9CF8CF8E7C}"
EndProject
Global
	GlobalSection(SolutionConfigurationPlatforms) = preSolution
		Debug|Any CPU = Debug|Any CPU
		Release|Any CPU = Release|Any CPU
	EndGlobalSection
	GlobalSection(ProjectConfigurationPlatforms) = postSolution
		{0185D4FE-85CE-47E5-A207-F01B66AA976D}.Debug|Any CPU.ActiveCfg = Debug|Any CPU
		{0185D4FE-85CE-47E5-A207-F01B66AA976D}.Debug|Any CPU.Build.0 = Debug|Any CPU
		{0185D4FE-85CE-47E5-A207-F01B66AA976D}.Release|Any CPU.ActiveCfg = Release|Any CPU
		{0185D4FE-85CE-47E5-A207-F01B66AA976D}.Release|Any CPU.Build.0 = Release|Any CPU
		{CD62D31A-43D7-4986-A291-33B28CEE70F8}.Debug|Any CPU.ActiveCfg = Debug|Any CPU
		{CD62D31A-43D7-4986-A291-33B28CEE70F8}.Debug|Any CPU.Build.0 = Debug|Any CPU
		{CD62D31A-43D7-4986-A291-33B28CEE70F8}.Release|Any CPU.ActiveCfg = Release|Any CPU
		{CD62D31A-43D7-4986-A291-33B28CEE70F8}.Release|Any CPU.Build.0 = Release|Any CPU
		{0694B555-5EB5-4EE7-B3DD-24584CD58AE0}.Debug|Any CPU.ActiveCfg = Debug|Any CPU
		{0694B555-5EB5-4EE7-B3DD-24584CD58AE0}.Debug|Any CPU.Build.0 = Debug|Any CPU
		{0694B555-5EB5-4EE7-B3DD-24584CD58AE0}.Release|Any CPU.ActiveCfg = Release|Any CPU
		{0694B555-5EB5-4EE7-B3DD-24584CD58AE0}.Release|Any CPU.Build.0 = Release|Any CPU
		{639172A1-6B65-42F1-85F5-5A9CF8CF8E7C}.Debug|Any CPU.ActiveCfg = Debug|Any CPU
		{639172A1-6B65-42F1-85F5-5A9CF8CF8E7C}.Debug|Any CPU.Build.0 = Debug|Any CPU
		{639172A1-6B65-42F1-85F5-5A9CF8CF8E7C}.Release|Any CPU.ActiveCfg = Release|Any CPU
		{639172A1-6B65-42F1-85F5-5A9CF8CF8E7C}.Release|Any CPU.Build.0 = Release|Any CPU
	EndGlobalSection
	GlobalSection(SolutionProperties) = preSolution
		HideSolutionNode = FALSE
	EndGlobalSection
	GlobalSection(ExtensibilityGlobals) = postSolution
		SolutionGuid = {2E376B1D-0B8E-4D74-B11C-08E88C0AEE71}
	EndGlobalSection
EndGlobal
